
Microsoft Visual Studio Solution File, Format Version 12.00
# Visual Studio Version 16
VisualStudioVersion = 16.0.30204.135
MinimumVisualStudioVersion = 10.0.40219.1
Project("{9A19103F-16F7-4668-BE54-9A1E7A4F7556}") = "MovieDB", "MovieDB.csproj", "{E42558CB-93CE-47D9-AAF6-5B7DF5990713}"
EndProject
Project("{2150E333-8FDC-42A3-9474-1A3956D46DE8}") = "Solution Items", "Solution Items", "{3D64F0B5-D663-4225-8DB1-ABE5B51635D9}"
	ProjectSection(SolutionItems) = preProject
		.editorconfig = .editorconfig
	EndProjectSection
EndProject
Global
	GlobalSection(SolutionConfigurationPlatforms) = preSolution
		Debug|Any CPU = Debug|Any CPU
		Release|Any CPU = Release|Any CPU
	EndGlobalSection
	GlobalSection(ProjectConfigurationPlatforms) = postSolution
		{E42558CB-93CE-47D9-AAF6-5B7DF5990713}.Debug|Any CPU.ActiveCfg = Debug|Any CPU
		{E42558CB-93CE-47D9-AAF6-5B7DF5990713}.Debug|Any CPU.Build.0 = Debug|Any CPU
		{E42558CB-93CE-47D9-AAF6-5B7DF5990713}.Release|Any CPU.ActiveCfg = Release|Any CPU
		{E42558CB-93CE-47D9-AAF6-5B7DF5990713}.Release|Any CPU.Build.0 = Release|Any CPU
	EndGlobalSection
	GlobalSection(SolutionProperties) = preSolution
		HideSolutionNode = FALSE
	EndGlobalSection
	GlobalSection(ExtensibilityGlobals) = postSolution
		SolutionGuid = {AF79753C-4756-4F3E-BB11-3A1B55423977}
	EndGlobalSection
EndGlobal
